// !$*UTF8*$!
{
	archiveVersion = 1;
	classes = {
	};
	objectVersion = 52;
	objects = {

/* Begin PBXBuildFile section */
		94C3708DAFBE5D0F6C3EC08F /* DragElementView.swift in Sources */ = {isa = PBXBuildFile; fileRef = 94C374E3A04D5401F1B09D86 /* DragElementView.swift */; };
		94C3709E9675601827555541 /* ViewExtension.swift in Sources */ = {isa = PBXBuildFile; fileRef = 94C37364A11EE70F27CC061D /* ViewExtension.swift */; };
		94C370B0C26334E7B782B750 /* ClientCarsView.swift in Sources */ = {isa = PBXBuildFile; fileRef = 94C37E41E648319A8333DF4D /* ClientCarsView.swift */; };
		94C37104C40A39FF2FF2D16C /* ErrorResult.swift in Sources */ = {isa = PBXBuildFile; fileRef = 94C37C934C255042B4817FA8 /* ErrorResult.swift */; };
		94C3714F6B8B97E219058125 /* ClientLookupModel.swift in Sources */ = {isa = PBXBuildFile; fileRef = 94C37018D6C4B2EAC29AF4E4 /* ClientLookupModel.swift */; };
		94C3716159CB274970E0453A /* ClientAuthenticationProfileModel.swift in Sources */ = {isa = PBXBuildFile; fileRef = 94C379151F2A7D1F5B940125 /* ClientAuthenticationProfileModel.swift */; };
		94C371D1D8DA63BBC34B3636 /* TitledContainer.swift in Sources */ = {isa = PBXBuildFile; fileRef = 94C379B7E4CDF087A341D4FA /* TitledContainer.swift */; };
		94C371E0F5B357C9F5C094F1 /* CarEditView.swift in Sources */ = {isa = PBXBuildFile; fileRef = 94C379A23A2830D4168BD39E /* CarEditView.swift */; };
		94C371E3F2968C81211C8FCC /* ClientProfileController.swift in Sources */ = {isa = PBXBuildFile; fileRef = 94C3762079AEE011D0EB0BDA /* ClientProfileController.swift */; };
		94C371F67FBF348D9C10E834 /* CarBrandModelsModel.swift in Sources */ = {isa = PBXBuildFile; fileRef = 94C372A3B9E5DBC6900449E4 /* CarBrandModelsModel.swift */; };
		94C37338CA7A0DF9514437C1 /* DividerView.swift in Sources */ = {isa = PBXBuildFile; fileRef = 94C37E6BEA5930D502E1EF3B /* DividerView.swift */; };
		94C37360EE071F06A71DCFD3 /* HttpMethod.swift in Sources */ = {isa = PBXBuildFile; fileRef = 94C3765F9A3A55933DF70ED3 /* HttpMethod.swift */; };
		94C3738160416EF4C1C42D9C /* SignInView.swift in Sources */ = {isa = PBXBuildFile; fileRef = 94C374423A6F02DEC89E2DC1 /* SignInView.swift */; };
		94C37384E24CEBE90E9E5D31 /* WorkingHoursView.swift in Sources */ = {isa = PBXBuildFile; fileRef = 94C375DC97A4DD51CCCC6CAC /* WorkingHoursView.swift */; };
		94C3743BA018068E35B7B5AF /* CarBrandModelModel.swift in Sources */ = {isa = PBXBuildFile; fileRef = 94C379EDD1811FC23AC85D7E /* CarBrandModelModel.swift */; };
		94C3743E45F01B9ABC79B4EB /* CarBrandModelSelector.swift in Sources */ = {isa = PBXBuildFile; fileRef = 94C3712BCCEC31DCEB90B3EB /* CarBrandModelSelector.swift */; };
		94C3745B4DB379870EA1D64F /* ClientProfileModel.swift in Sources */ = {isa = PBXBuildFile; fileRef = 94C3773635F19DD5AEF0BE14 /* ClientProfileModel.swift */; };
		94C3751DCCDEF4D3E985D3D2 /* Entities.swift in Sources */ = {isa = PBXBuildFile; fileRef = 94C376985EBDA5C23457DBC6 /* Entities.swift */; };
		94C3753FA8AB110AE4CD9820 /* AuthenticationStorage.swift in Sources */ = {isa = PBXBuildFile; fileRef = 94C376758855F790A3E28FC4 /* AuthenticationStorage.swift */; };
		94C3761D17B1C3B4BE626BAC /* ServerConfiguration.swift in Sources */ = {isa = PBXBuildFile; fileRef = 94C376ED2C894E98C55FF66B /* ServerConfiguration.swift */; };
		94C3762B6988219F5490ED44 /* CarWashStatusView.swift in Sources */ = {isa = PBXBuildFile; fileRef = 94C37AE8C8FF506B8B428AAF /* CarWashStatusView.swift */; };
		94C3763355DAA736DFF9A87A /* CarModelSelector.swift in Sources */ = {isa = PBXBuildFile; fileRef = 94C37BF60900124203BE8CD3 /* CarModelSelector.swift */; };
		94C376516D1183DC9F7AD7BA /* LogoAuthenticationView.swift in Sources */ = {isa = PBXBuildFile; fileRef = 94C37933894D7AD92BCBCB5A /* LogoAuthenticationView.swift */; };
		94C3766A9C99DB3CFF1C37C2 /* SignUpView.swift in Sources */ = {isa = PBXBuildFile; fileRef = 94C37BD336E52AA80AA1909E /* SignUpView.swift */; };
		94C3767B7BE64E6324C40BFC /* Model.swift in Sources */ = {isa = PBXBuildFile; fileRef = 94C37691455D63F63F25C7F3 /* Model.swift */; };
		94C376E4E11815B259D780F8 /* DateTextPickerView.swift in Sources */ = {isa = PBXBuildFile; fileRef = 94C37778A37B8778E9AF8D53 /* DateTextPickerView.swift */; };
		94C376ED2A0B10A58282D055 /* AuthenticationEnums.swift in Sources */ = {isa = PBXBuildFile; fileRef = 94C37E1EDC36804AA397B64E /* AuthenticationEnums.swift */; };
		94C3773D628E317ABFB63D9C /* GovernmentPlateSymbols.swift in Sources */ = {isa = PBXBuildFile; fileRef = 94C37C205075D561041A7FBB /* GovernmentPlateSymbols.swift */; };
		94C377991B2DBF484494AD3E /* FacilityTagView.swift in Sources */ = {isa = PBXBuildFile; fileRef = 94C3739A371A49A448ADA320 /* FacilityTagView.swift */; };
		94C37820C6526BBE22A0E8FE /* CarWashMainDescriptionView.swift in Sources */ = {isa = PBXBuildFile; fileRef = 94C378E6E6CA1593A073C3E5 /* CarWashMainDescriptionView.swift */; };
		94C3785E051D869655405546 /* RefreshableScrollView.swift in Sources */ = {isa = PBXBuildFile; fileRef = 94C37A7E7C2822B22695CF34 /* RefreshableScrollView.swift */; };
		94C379351C26625661AF64B5 /* ContentView.swift in Sources */ = {isa = PBXBuildFile; fileRef = 94C37999D9BE8145F7D5048C /* ContentView.swift */; };
		94C379755C17F9B7A2333F21 /* ClientCarModel.swift in Sources */ = {isa = PBXBuildFile; fileRef = 94C37830C0415EF0927529CC /* ClientCarModel.swift */; };
		94C379E3588B77C726EC2498 /* ApplicationEnums.swift in Sources */ = {isa = PBXBuildFile; fileRef = 94C378FD8F0AEB53AA81F3C1 /* ApplicationEnums.swift */; };
		94C379E71BFB44D37E535FB2 /* HttpClientError.swift in Sources */ = {isa = PBXBuildFile; fileRef = 94C374F0631BA324401190AB /* HttpClientError.swift */; };
		94C379FDEFEF54FA167A5181 /* SpecialResponses.swift in Sources */ = {isa = PBXBuildFile; fileRef = 94C37678D452CBEB21CA6262 /* SpecialResponses.swift */; };
		94C37A35B8BD01687C1D9244 /* HttpClientService.swift in Sources */ = {isa = PBXBuildFile; fileRef = 94C37E3C9C5A2D6877848C85 /* HttpClientService.swift */; };
		94C37A3C1D042EE77E5F1031 /* MainView.swift in Sources */ = {isa = PBXBuildFile; fileRef = 94C37FB3BA835ACC70732D2E /* MainView.swift */; };
		94C37AA846A8A04C519F14BA /* CustomTextPickerView.swift in Sources */ = {isa = PBXBuildFile; fileRef = 94C3777D52C023127B8C0D27 /* CustomTextPickerView.swift */; };
		94C37B699509CFB438BB5C3F /* CardView.swift in Sources */ = {isa = PBXBuildFile; fileRef = 94C3746C6D58C0B0C6B1E050 /* CardView.swift */; };
		94C37BA8874D079513C06E76 /* CarWashToClientController.swift in Sources */ = {isa = PBXBuildFile; fileRef = 94C376E5E31F5129B1DA666B /* CarWashToClientController.swift */; };
		94C37C6FBFC8062A734CB316 /* GovernmentPlateSymbolView.swift in Sources */ = {isa = PBXBuildFile; fileRef = 94C374A207C067DCC5803A0A /* GovernmentPlateSymbolView.swift */; };
		94C37C855EFAE64BE1CB6A61 /* AccountController.swift in Sources */ = {isa = PBXBuildFile; fileRef = 94C3776DB7C98327A0D9550E /* AccountController.swift */; };
		94C37C9AC7848EAE478044A8 /* CustomDateFormatter.swift in Sources */ = {isa = PBXBuildFile; fileRef = 94C3744632DA26A21B5B6AB1 /* CustomDateFormatter.swift */; };
		94C37CE42CD95142515976DA /* ClientProfileView.swift in Sources */ = {isa = PBXBuildFile; fileRef = 94C37F96DC8D8716E832474E /* ClientProfileView.swift */; };
		94C37D1A54365BC832F70F53 /* LookupStorage.swift in Sources */ = {isa = PBXBuildFile; fileRef = 94C377098A6CECC7ADB3964E /* LookupStorage.swift */; };
		94C37D290647A8D906F5F864 /* DayOfWeek.swift in Sources */ = {isa = PBXBuildFile; fileRef = 94C37D54668C96BE68DC0F9C /* DayOfWeek.swift */; };
		94C37DA5B21E73B8F1CE529E /* Requests.swift in Sources */ = {isa = PBXBuildFile; fileRef = 94C37332524E6A41A59DF47E /* Requests.swift */; };
		94C37DF9E47C468398092ACB /* SearchView.swift in Sources */ = {isa = PBXBuildFile; fileRef = 94C37D180E7D76F2FC76314E /* SearchView.swift */; };
		94C37E40AE36AD6B44AF7228 /* ErrorResponse.swift in Sources */ = {isa = PBXBuildFile; fileRef = 94C377C55A1D3C61B1942770 /* ErrorResponse.swift */; };
		94C37E5607D5A1B37B70BE31 /* StringUtils.swift in Sources */ = {isa = PBXBuildFile; fileRef = 94C3763220433636BF95482D /* StringUtils.swift */; };
		94C37EC73BB26B9532A3BAEF /* ClientSignUpModel.swift in Sources */ = {isa = PBXBuildFile; fileRef = 94C3742A9E352AB04502A2F6 /* ClientSignUpModel.swift */; };
		94C37F1C6EC2BF1D38FC45D4 /* ClientSignInModel.swift in Sources */ = {isa = PBXBuildFile; fileRef = 94C3730A3ADD77A19395EFF6 /* ClientSignInModel.swift */; };
		94C37F27CE2CC9CFB26B3040 /* ExternalSignInService.swift in Sources */ = {isa = PBXBuildFile; fileRef = 94C370F1AF908CC9A9FCC397 /* ExternalSignInService.swift */; };
		94C37F2964F222A5BA990A75 /* CarWashesView.swift in Sources */ = {isa = PBXBuildFile; fileRef = 94C3734F941CAA37768EF182 /* CarWashesView.swift */; };
		A0331FD123A6AB0F0041F618 /* WorkingHoursModel.swift in Sources */ = {isa = PBXBuildFile; fileRef = A0331FD023A6AB0F0041F618 /* WorkingHoursModel.swift */; };
		A0331FD723A6D8280041F618 /* ServiceItemView.swift in Sources */ = {isa = PBXBuildFile; fileRef = A0331FD623A6D8280041F618 /* ServiceItemView.swift */; };
		A0331FD923A6D8ED0041F618 /* CarWashServiceModel.swift in Sources */ = {isa = PBXBuildFile; fileRef = A0331FD823A6D8ED0041F618 /* CarWashServiceModel.swift */; };
		A0331FE223A6F9BE0041F618 /* CarWashModels.swift in Sources */ = {isa = PBXBuildFile; fileRef = A0331FE123A6F9BE0041F618 /* CarWashModels.swift */; };
		A0331FE423A6FD1F0041F618 /* CarWashRow.swift in Sources */ = {isa = PBXBuildFile; fileRef = A0331FE323A6FD1F0041F618 /* CarWashRow.swift */; };
		A0400BD5239855EE00418D15 /* ClientProfileEnums.swift in Sources */ = {isa = PBXBuildFile; fileRef = A0400BD4239855EE00418D15 /* ClientProfileEnums.swift */; };
		A0DC968323A2EFCA004826B1 /* MapView.swift in Sources */ = {isa = PBXBuildFile; fileRef = A0DC968223A2EFCA004826B1 /* MapView.swift */; };
		A0DC968523A567A3004826B1 /* CarWashServiceMark.swift in Sources */ = {isa = PBXBuildFile; fileRef = A0DC968423A567A3004826B1 /* CarWashServiceMark.swift */; };
		A0DC968723A56ABD004826B1 /* CarWashItemView.swift in Sources */ = {isa = PBXBuildFile; fileRef = A0DC968623A56ABD004826B1 /* CarWashItemView.swift */; };
		A0DC968923A56D57004826B1 /* CarWashesEnums.swift in Sources */ = {isa = PBXBuildFile; fileRef = A0DC968823A56D57004826B1 /* CarWashesEnums.swift */; };
		A0DC968B23A6877A004826B1 /* TabPickerView.swift in Sources */ = {isa = PBXBuildFile; fileRef = A0DC968A23A6877A004826B1 /* TabPickerView.swift */; };
		A0DC968E23A68B62004826B1 /* GeneralInfoView.swift in Sources */ = {isa = PBXBuildFile; fileRef = A0DC968D23A68B62004826B1 /* GeneralInfoView.swift */; };
		A0DC969023A68B7B004826B1 /* ServicesView.swift in Sources */ = {isa = PBXBuildFile; fileRef = A0DC968F23A68B7B004826B1 /* ServicesView.swift */; };
		A0DC969223A68BA6004826B1 /* ContactsView.swift in Sources */ = {isa = PBXBuildFile; fileRef = A0DC969123A68BA6004826B1 /* ContactsView.swift */; };
		EEB56DA8236E1DE80062503F /* AppDelegate.swift in Sources */ = {isa = PBXBuildFile; fileRef = EEB56DA7236E1DE80062503F /* AppDelegate.swift */; };
		EEB56DAA236E1DE80062503F /* SceneDelegate.swift in Sources */ = {isa = PBXBuildFile; fileRef = EEB56DA9236E1DE80062503F /* SceneDelegate.swift */; };
		EEB56DAD236E1DE80062503F /* CarWashService.xcdatamodeld in Sources */ = {isa = PBXBuildFile; fileRef = EEB56DAB236E1DE80062503F /* CarWashService.xcdatamodeld */; };
		EEB56DB1236E1DE90062503F /* Assets.xcassets in Resources */ = {isa = PBXBuildFile; fileRef = EEB56DB0236E1DE90062503F /* Assets.xcassets */; };
		EEB56DB4236E1DE90062503F /* Preview Assets.xcassets in Resources */ = {isa = PBXBuildFile; fileRef = EEB56DB3236E1DE90062503F /* Preview Assets.xcassets */; };
		EEB56DB7236E1DE90062503F /* LaunchScreen.storyboard in Resources */ = {isa = PBXBuildFile; fileRef = EEB56DB5236E1DE90062503F /* LaunchScreen.storyboard */; };
/* End PBXBuildFile section */

/* Begin PBXFileReference section */
		94C37018D6C4B2EAC29AF4E4 /* ClientLookupModel.swift */ = {isa = PBXFileReference; fileEncoding = 4; lastKnownFileType = sourcecode.swift; path = ClientLookupModel.swift; sourceTree = "<group>"; };
		94C370F1AF908CC9A9FCC397 /* ExternalSignInService.swift */ = {isa = PBXFileReference; fileEncoding = 4; lastKnownFileType = sourcecode.swift; path = ExternalSignInService.swift; sourceTree = "<group>"; };
		94C3712BCCEC31DCEB90B3EB /* CarBrandModelSelector.swift */ = {isa = PBXFileReference; fileEncoding = 4; lastKnownFileType = sourcecode.swift; path = CarBrandModelSelector.swift; sourceTree = "<group>"; };
		94C372A3B9E5DBC6900449E4 /* CarBrandModelsModel.swift */ = {isa = PBXFileReference; fileEncoding = 4; lastKnownFileType = sourcecode.swift; path = CarBrandModelsModel.swift; sourceTree = "<group>"; };
		94C3730A3ADD77A19395EFF6 /* ClientSignInModel.swift */ = {isa = PBXFileReference; fileEncoding = 4; lastKnownFileType = sourcecode.swift; path = ClientSignInModel.swift; sourceTree = "<group>"; };
		94C37332524E6A41A59DF47E /* Requests.swift */ = {isa = PBXFileReference; fileEncoding = 4; lastKnownFileType = sourcecode.swift; path = Requests.swift; sourceTree = "<group>"; };
		94C3734F941CAA37768EF182 /* CarWashesView.swift */ = {isa = PBXFileReference; fileEncoding = 4; lastKnownFileType = sourcecode.swift; path = CarWashesView.swift; sourceTree = "<group>"; };
		94C37364A11EE70F27CC061D /* ViewExtension.swift */ = {isa = PBXFileReference; fileEncoding = 4; lastKnownFileType = sourcecode.swift; path = ViewExtension.swift; sourceTree = "<group>"; };
		94C3739A371A49A448ADA320 /* FacilityTagView.swift */ = {isa = PBXFileReference; fileEncoding = 4; lastKnownFileType = sourcecode.swift; path = FacilityTagView.swift; sourceTree = "<group>"; };
		94C3742A9E352AB04502A2F6 /* ClientSignUpModel.swift */ = {isa = PBXFileReference; fileEncoding = 4; lastKnownFileType = sourcecode.swift; path = ClientSignUpModel.swift; sourceTree = "<group>"; };
		94C374423A6F02DEC89E2DC1 /* SignInView.swift */ = {isa = PBXFileReference; fileEncoding = 4; lastKnownFileType = sourcecode.swift; path = SignInView.swift; sourceTree = "<group>"; };
		94C3744632DA26A21B5B6AB1 /* CustomDateFormatter.swift */ = {isa = PBXFileReference; fileEncoding = 4; lastKnownFileType = sourcecode.swift; path = CustomDateFormatter.swift; sourceTree = "<group>"; };
		94C3746C6D58C0B0C6B1E050 /* CardView.swift */ = {isa = PBXFileReference; fileEncoding = 4; lastKnownFileType = sourcecode.swift; path = CardView.swift; sourceTree = "<group>"; };
		94C374A207C067DCC5803A0A /* GovernmentPlateSymbolView.swift */ = {isa = PBXFileReference; fileEncoding = 4; lastKnownFileType = sourcecode.swift; path = GovernmentPlateSymbolView.swift; sourceTree = "<group>"; };
		94C374E3A04D5401F1B09D86 /* DragElementView.swift */ = {isa = PBXFileReference; fileEncoding = 4; lastKnownFileType = sourcecode.swift; path = DragElementView.swift; sourceTree = "<group>"; };
		94C374F0631BA324401190AB /* HttpClientError.swift */ = {isa = PBXFileReference; fileEncoding = 4; lastKnownFileType = sourcecode.swift; path = HttpClientError.swift; sourceTree = "<group>"; };
		94C375DC97A4DD51CCCC6CAC /* WorkingHoursView.swift */ = {isa = PBXFileReference; fileEncoding = 4; lastKnownFileType = sourcecode.swift; path = WorkingHoursView.swift; sourceTree = "<group>"; };
		94C3762079AEE011D0EB0BDA /* ClientProfileController.swift */ = {isa = PBXFileReference; fileEncoding = 4; lastKnownFileType = sourcecode.swift; path = ClientProfileController.swift; sourceTree = "<group>"; };
		94C3763220433636BF95482D /* StringUtils.swift */ = {isa = PBXFileReference; fileEncoding = 4; lastKnownFileType = sourcecode.swift; path = StringUtils.swift; sourceTree = "<group>"; };
		94C3765F9A3A55933DF70ED3 /* HttpMethod.swift */ = {isa = PBXFileReference; fileEncoding = 4; lastKnownFileType = sourcecode.swift; path = HttpMethod.swift; sourceTree = "<group>"; };
		94C376758855F790A3E28FC4 /* AuthenticationStorage.swift */ = {isa = PBXFileReference; fileEncoding = 4; lastKnownFileType = sourcecode.swift; path = AuthenticationStorage.swift; sourceTree = "<group>"; };
		94C37678D452CBEB21CA6262 /* SpecialResponses.swift */ = {isa = PBXFileReference; fileEncoding = 4; lastKnownFileType = sourcecode.swift; path = SpecialResponses.swift; sourceTree = "<group>"; };
		94C37691455D63F63F25C7F3 /* Model.swift */ = {isa = PBXFileReference; fileEncoding = 4; lastKnownFileType = sourcecode.swift; path = Model.swift; sourceTree = "<group>"; };
		94C376985EBDA5C23457DBC6 /* Entities.swift */ = {isa = PBXFileReference; fileEncoding = 4; lastKnownFileType = sourcecode.swift; path = Entities.swift; sourceTree = "<group>"; };
		94C376E5E31F5129B1DA666B /* CarWashToClientController.swift */ = {isa = PBXFileReference; fileEncoding = 4; lastKnownFileType = sourcecode.swift; path = CarWashToClientController.swift; sourceTree = "<group>"; };
		94C376ED2C894E98C55FF66B /* ServerConfiguration.swift */ = {isa = PBXFileReference; fileEncoding = 4; lastKnownFileType = sourcecode.swift; path = ServerConfiguration.swift; sourceTree = "<group>"; };
		94C377098A6CECC7ADB3964E /* LookupStorage.swift */ = {isa = PBXFileReference; fileEncoding = 4; lastKnownFileType = sourcecode.swift; path = LookupStorage.swift; sourceTree = "<group>"; };
		94C3773635F19DD5AEF0BE14 /* ClientProfileModel.swift */ = {isa = PBXFileReference; fileEncoding = 4; lastKnownFileType = sourcecode.swift; path = ClientProfileModel.swift; sourceTree = "<group>"; };
		94C3776DB7C98327A0D9550E /* AccountController.swift */ = {isa = PBXFileReference; fileEncoding = 4; lastKnownFileType = sourcecode.swift; path = AccountController.swift; sourceTree = "<group>"; };
		94C37778A37B8778E9AF8D53 /* DateTextPickerView.swift */ = {isa = PBXFileReference; fileEncoding = 4; lastKnownFileType = sourcecode.swift; path = DateTextPickerView.swift; sourceTree = "<group>"; };
		94C3777D52C023127B8C0D27 /* CustomTextPickerView.swift */ = {isa = PBXFileReference; fileEncoding = 4; lastKnownFileType = sourcecode.swift; path = CustomTextPickerView.swift; sourceTree = "<group>"; };
		94C377C55A1D3C61B1942770 /* ErrorResponse.swift */ = {isa = PBXFileReference; fileEncoding = 4; lastKnownFileType = sourcecode.swift; path = ErrorResponse.swift; sourceTree = "<group>"; };
		94C37830C0415EF0927529CC /* ClientCarModel.swift */ = {isa = PBXFileReference; fileEncoding = 4; lastKnownFileType = sourcecode.swift; path = ClientCarModel.swift; sourceTree = "<group>"; };
		94C378E6E6CA1593A073C3E5 /* CarWashMainDescriptionView.swift */ = {isa = PBXFileReference; fileEncoding = 4; lastKnownFileType = sourcecode.swift; path = CarWashMainDescriptionView.swift; sourceTree = "<group>"; };
		94C378FD8F0AEB53AA81F3C1 /* ApplicationEnums.swift */ = {isa = PBXFileReference; fileEncoding = 4; lastKnownFileType = sourcecode.swift; path = ApplicationEnums.swift; sourceTree = "<group>"; };
		94C379151F2A7D1F5B940125 /* ClientAuthenticationProfileModel.swift */ = {isa = PBXFileReference; fileEncoding = 4; lastKnownFileType = sourcecode.swift; path = ClientAuthenticationProfileModel.swift; sourceTree = "<group>"; };
		94C37933894D7AD92BCBCB5A /* LogoAuthenticationView.swift */ = {isa = PBXFileReference; fileEncoding = 4; lastKnownFileType = sourcecode.swift; path = LogoAuthenticationView.swift; sourceTree = "<group>"; };
		94C37999D9BE8145F7D5048C /* ContentView.swift */ = {isa = PBXFileReference; fileEncoding = 4; lastKnownFileType = sourcecode.swift; path = ContentView.swift; sourceTree = "<group>"; };
		94C379A23A2830D4168BD39E /* CarEditView.swift */ = {isa = PBXFileReference; fileEncoding = 4; lastKnownFileType = sourcecode.swift; path = CarEditView.swift; sourceTree = "<group>"; };
		94C379B7E4CDF087A341D4FA /* TitledContainer.swift */ = {isa = PBXFileReference; fileEncoding = 4; lastKnownFileType = sourcecode.swift; path = TitledContainer.swift; sourceTree = "<group>"; };
		94C379EDD1811FC23AC85D7E /* CarBrandModelModel.swift */ = {isa = PBXFileReference; fileEncoding = 4; lastKnownFileType = sourcecode.swift; path = CarBrandModelModel.swift; sourceTree = "<group>"; };
		94C37A7E7C2822B22695CF34 /* RefreshableScrollView.swift */ = {isa = PBXFileReference; fileEncoding = 4; lastKnownFileType = sourcecode.swift; path = RefreshableScrollView.swift; sourceTree = "<group>"; };
		94C37AE8C8FF506B8B428AAF /* CarWashStatusView.swift */ = {isa = PBXFileReference; fileEncoding = 4; lastKnownFileType = sourcecode.swift; path = CarWashStatusView.swift; sourceTree = "<group>"; };
		94C37BD336E52AA80AA1909E /* SignUpView.swift */ = {isa = PBXFileReference; fileEncoding = 4; lastKnownFileType = sourcecode.swift; path = SignUpView.swift; sourceTree = "<group>"; };
		94C37BF60900124203BE8CD3 /* CarModelSelector.swift */ = {isa = PBXFileReference; fileEncoding = 4; lastKnownFileType = sourcecode.swift; path = CarModelSelector.swift; sourceTree = "<group>"; };
		94C37C205075D561041A7FBB /* GovernmentPlateSymbols.swift */ = {isa = PBXFileReference; fileEncoding = 4; lastKnownFileType = sourcecode.swift; path = GovernmentPlateSymbols.swift; sourceTree = "<group>"; };
		94C37C934C255042B4817FA8 /* ErrorResult.swift */ = {isa = PBXFileReference; fileEncoding = 4; lastKnownFileType = sourcecode.swift; path = ErrorResult.swift; sourceTree = "<group>"; };
		94C37D180E7D76F2FC76314E /* SearchView.swift */ = {isa = PBXFileReference; fileEncoding = 4; lastKnownFileType = sourcecode.swift; path = SearchView.swift; sourceTree = "<group>"; };
		94C37D54668C96BE68DC0F9C /* DayOfWeek.swift */ = {isa = PBXFileReference; fileEncoding = 4; lastKnownFileType = sourcecode.swift; path = DayOfWeek.swift; sourceTree = "<group>"; };
		94C37E1EDC36804AA397B64E /* AuthenticationEnums.swift */ = {isa = PBXFileReference; fileEncoding = 4; lastKnownFileType = sourcecode.swift; path = AuthenticationEnums.swift; sourceTree = "<group>"; };
		94C37E3C9C5A2D6877848C85 /* HttpClientService.swift */ = {isa = PBXFileReference; fileEncoding = 4; lastKnownFileType = sourcecode.swift; path = HttpClientService.swift; sourceTree = "<group>"; };
		94C37E41E648319A8333DF4D /* ClientCarsView.swift */ = {isa = PBXFileReference; fileEncoding = 4; lastKnownFileType = sourcecode.swift; path = ClientCarsView.swift; sourceTree = "<group>"; };
		94C37E6BEA5930D502E1EF3B /* DividerView.swift */ = {isa = PBXFileReference; fileEncoding = 4; lastKnownFileType = sourcecode.swift; path = DividerView.swift; sourceTree = "<group>"; };
		94C37F96DC8D8716E832474E /* ClientProfileView.swift */ = {isa = PBXFileReference; fileEncoding = 4; lastKnownFileType = sourcecode.swift; path = ClientProfileView.swift; sourceTree = "<group>"; };
		94C37FB3BA835ACC70732D2E /* MainView.swift */ = {isa = PBXFileReference; fileEncoding = 4; lastKnownFileType = sourcecode.swift; path = MainView.swift; sourceTree = "<group>"; };
		A0331FD023A6AB0F0041F618 /* WorkingHoursModel.swift */ = {isa = PBXFileReference; lastKnownFileType = sourcecode.swift; path = WorkingHoursModel.swift; sourceTree = "<group>"; };
		A0331FD623A6D8280041F618 /* ServiceItemView.swift */ = {isa = PBXFileReference; lastKnownFileType = sourcecode.swift; path = ServiceItemView.swift; sourceTree = "<group>"; };
		A0331FD823A6D8ED0041F618 /* CarWashServiceModel.swift */ = {isa = PBXFileReference; lastKnownFileType = sourcecode.swift; path = CarWashServiceModel.swift; sourceTree = "<group>"; };
		A0331FE123A6F9BE0041F618 /* CarWashModels.swift */ = {isa = PBXFileReference; lastKnownFileType = sourcecode.swift; path = CarWashModels.swift; sourceTree = "<group>"; };
		A0331FE323A6FD1F0041F618 /* CarWashRow.swift */ = {isa = PBXFileReference; lastKnownFileType = sourcecode.swift; path = CarWashRow.swift; sourceTree = "<group>"; };
		A0400BD4239855EE00418D15 /* ClientProfileEnums.swift */ = {isa = PBXFileReference; lastKnownFileType = sourcecode.swift; path = ClientProfileEnums.swift; sourceTree = "<group>"; };
		A0DC968223A2EFCA004826B1 /* MapView.swift */ = {isa = PBXFileReference; lastKnownFileType = sourcecode.swift; path = MapView.swift; sourceTree = "<group>"; };
		A0DC968423A567A3004826B1 /* CarWashServiceMark.swift */ = {isa = PBXFileReference; lastKnownFileType = sourcecode.swift; path = CarWashServiceMark.swift; sourceTree = "<group>"; };
		A0DC968623A56ABD004826B1 /* CarWashItemView.swift */ = {isa = PBXFileReference; lastKnownFileType = sourcecode.swift; path = CarWashItemView.swift; sourceTree = "<group>"; };
		A0DC968823A56D57004826B1 /* CarWashesEnums.swift */ = {isa = PBXFileReference; lastKnownFileType = sourcecode.swift; path = CarWashesEnums.swift; sourceTree = "<group>"; };
		A0DC968A23A6877A004826B1 /* TabPickerView.swift */ = {isa = PBXFileReference; lastKnownFileType = sourcecode.swift; path = TabPickerView.swift; sourceTree = "<group>"; };
		A0DC968D23A68B62004826B1 /* GeneralInfoView.swift */ = {isa = PBXFileReference; lastKnownFileType = sourcecode.swift; path = GeneralInfoView.swift; sourceTree = "<group>"; };
		A0DC968F23A68B7B004826B1 /* ServicesView.swift */ = {isa = PBXFileReference; lastKnownFileType = sourcecode.swift; path = ServicesView.swift; sourceTree = "<group>"; };
		A0DC969123A68BA6004826B1 /* ContactsView.swift */ = {isa = PBXFileReference; lastKnownFileType = sourcecode.swift; path = ContactsView.swift; sourceTree = "<group>"; };
		EEB56DA4236E1DE80062503F /* CarWashService.app */ = {isa = PBXFileReference; explicitFileType = wrapper.application; includeInIndex = 0; path = CarWashService.app; sourceTree = BUILT_PRODUCTS_DIR; };
		EEB56DA7236E1DE80062503F /* AppDelegate.swift */ = {isa = PBXFileReference; lastKnownFileType = sourcecode.swift; path = AppDelegate.swift; sourceTree = "<group>"; };
		EEB56DA9236E1DE80062503F /* SceneDelegate.swift */ = {isa = PBXFileReference; lastKnownFileType = sourcecode.swift; path = SceneDelegate.swift; sourceTree = "<group>"; };
		EEB56DAC236E1DE80062503F /* CarWashService.xcdatamodel */ = {isa = PBXFileReference; lastKnownFileType = wrapper.xcdatamodel; path = CarWashService.xcdatamodel; sourceTree = "<group>"; };
		EEB56DB0236E1DE90062503F /* Assets.xcassets */ = {isa = PBXFileReference; lastKnownFileType = folder.assetcatalog; path = Assets.xcassets; sourceTree = "<group>"; };
		EEB56DB3236E1DE90062503F /* Preview Assets.xcassets */ = {isa = PBXFileReference; lastKnownFileType = folder.assetcatalog; path = "Preview Assets.xcassets"; sourceTree = "<group>"; };
		EEB56DB6236E1DE90062503F /* Base */ = {isa = PBXFileReference; lastKnownFileType = file.storyboard; name = Base; path = Base.lproj/LaunchScreen.storyboard; sourceTree = "<group>"; };
		EEB56DB8236E1DE90062503F /* Info.plist */ = {isa = PBXFileReference; lastKnownFileType = text.plist.xml; path = Info.plist; sourceTree = "<group>"; };
/* End PBXFileReference section */

/* Begin PBXFrameworksBuildPhase section */
		EEB56DA1236E1DE80062503F /* Frameworks */ = {
			isa = PBXFrameworksBuildPhase;
			buildActionMask = 2147483647;
			files = (
			);
			runOnlyForDeploymentPostprocessing = 0;
		};
/* End PBXFrameworksBuildPhase section */

/* Begin PBXGroup section */
		94C371D0B5026F735386D152 /* Authentication */ = {
			isa = PBXGroup;
			children = (
				94C3742A9E352AB04502A2F6 /* ClientSignUpModel.swift */,
				94C3730A3ADD77A19395EFF6 /* ClientSignInModel.swift */,
				94C379151F2A7D1F5B940125 /* ClientAuthenticationProfileModel.swift */,
			);
			path = Authentication;
			sourceTree = "<group>";
		};
		94C3728052CCF85A84C53592 /* Core */ = {
			isa = PBXGroup;
			children = (
				94C374AE466F7AFAAC5550EB /* Enums */,
				94C377E11236EC7D64604849 /* Services */,
				94C3796A2522290F05348C72 /* Entities */,
				94C37BF6BC30CBAC70E217E9 /* ObservableObjects */,
				94C374DF088CB64B460E6A4D /* Utils */,
			);
			path = Core;
			sourceTree = "<group>";
		};
		94C374AE466F7AFAAC5550EB /* Enums */ = {
			isa = PBXGroup;
			children = (
				94C37E1EDC36804AA397B64E /* AuthenticationEnums.swift */,
				94C378FD8F0AEB53AA81F3C1 /* ApplicationEnums.swift */,
				94C3765F9A3A55933DF70ED3 /* HttpMethod.swift */,
				94C37332524E6A41A59DF47E /* Requests.swift */,
				A0400BD4239855EE00418D15 /* ClientProfileEnums.swift */,
				94C3744632DA26A21B5B6AB1 /* CustomDateFormatter.swift */,
				94C37C205075D561041A7FBB /* GovernmentPlateSymbols.swift */,
				A0DC968823A56D57004826B1 /* CarWashesEnums.swift */,
				94C37D54668C96BE68DC0F9C /* DayOfWeek.swift */,
			);
			path = Enums;
			sourceTree = "<group>";
		};
		94C374DF088CB64B460E6A4D /* Utils */ = {
			isa = PBXGroup;
			children = (
				94C3763220433636BF95482D /* StringUtils.swift */,
			);
			path = Utils;
			sourceTree = "<group>";
		};
		94C374FBD1D87004805A9907 /* Views */ = {
			isa = PBXGroup;
			children = (
				A0DC968C23A68AF6004826B1 /* CarWash */,
				94C37999D9BE8145F7D5048C /* ContentView.swift */,
				94C37F0D16E4848C1BF9436D /* Authentication */,
				94C37FB3BA835ACC70732D2E /* MainView.swift */,
				94C3762263926ACD45685539 /* Tabs */,
				94C378EFEFD900DEE800709F /* Common */,
				94C37749327D79CB42D270CA /* ClientCar */,
			);
			path = Views;
			sourceTree = "<group>";
		};
		94C3762263926ACD45685539 /* Tabs */ = {
			isa = PBXGroup;
			children = (
				94C37F96DC8D8716E832474E /* ClientProfileView.swift */,
				94C3734F941CAA37768EF182 /* CarWashesView.swift */,
			);
			path = Tabs;
			sourceTree = "<group>";
		};
		94C3767B1C724CACC9081AAD /* ClientProfile */ = {
			isa = PBXGroup;
			children = (
				94C3773635F19DD5AEF0BE14 /* ClientProfileModel.swift */,
				94C37830C0415EF0927529CC /* ClientCarModel.swift */,
				94C372A3B9E5DBC6900449E4 /* CarBrandModelsModel.swift */,
				94C379EDD1811FC23AC85D7E /* CarBrandModelModel.swift */,
			);
			path = ClientProfile;
			sourceTree = "<group>";
		};
		94C37749327D79CB42D270CA /* ClientCar */ = {
			isa = PBXGroup;
			children = (
				94C379A23A2830D4168BD39E /* CarEditView.swift */,
				94C374A207C067DCC5803A0A /* GovernmentPlateSymbolView.swift */,
				94C3712BCCEC31DCEB90B3EB /* CarBrandModelSelector.swift */,
				94C37BF60900124203BE8CD3 /* CarModelSelector.swift */,
				94C37E41E648319A8333DF4D /* ClientCarsView.swift */,
			);
			path = ClientCar;
			sourceTree = "<group>";
		};
		94C377E11236EC7D64604849 /* Services */ = {
			isa = PBXGroup;
			children = (
				94C37E3C9C5A2D6877848C85 /* HttpClientService.swift */,
				94C370F1AF908CC9A9FCC397 /* ExternalSignInService.swift */,
			);
			path = Services;
			sourceTree = "<group>";
		};
		94C377E9E25DDF41F332340D /* Common */ = {
			isa = PBXGroup;
			children = (
				94C376985EBDA5C23457DBC6 /* Entities.swift */,
				94C37691455D63F63F25C7F3 /* Model.swift */,
			);
			path = Common;
			sourceTree = "<group>";
		};
		94C3785A2AFF738655D288F6 /* Controllers */ = {
			isa = PBXGroup;
			children = (
				94C3776DB7C98327A0D9550E /* AccountController.swift */,
				94C3762079AEE011D0EB0BDA /* ClientProfileController.swift */,
				94C376E5E31F5129B1DA666B /* CarWashToClientController.swift */,
			);
			path = Controllers;
			sourceTree = "<group>";
		};
		94C378EFEFD900DEE800709F /* Common */ = {
			isa = PBXGroup;
			children = (
				94C379B7E4CDF087A341D4FA /* TitledContainer.swift */,
				94C37778A37B8778E9AF8D53 /* DateTextPickerView.swift */,
				94C3746C6D58C0B0C6B1E050 /* CardView.swift */,
				94C37364A11EE70F27CC061D /* ViewExtension.swift */,
				94C3777D52C023127B8C0D27 /* CustomTextPickerView.swift */,
				94C37A7E7C2822B22695CF34 /* RefreshableScrollView.swift */,
				A0DC968223A2EFCA004826B1 /* MapView.swift */,
				A0DC968A23A6877A004826B1 /* TabPickerView.swift */,
				94C37D180E7D76F2FC76314E /* SearchView.swift */,
				94C37E6BEA5930D502E1EF3B /* DividerView.swift */,
				94C374E3A04D5401F1B09D86 /* DragElementView.swift */,
			);
			path = Common;
			sourceTree = "<group>";
		};
		94C3796A2522290F05348C72 /* Entities */ = {
			isa = PBXGroup;
			children = (
				94C37B5951E7A853B6BE8101 /* HttpClient */,
				94C377E9E25DDF41F332340D /* Common */,
			);
			path = Entities;
			sourceTree = "<group>";
		};
		94C3797B775AA11179DE77E3 /* Models */ = {
			isa = PBXGroup;
			children = (
				A0331FDC23A6F2630041F618 /* CarWash */,
				94C371D0B5026F735386D152 /* Authentication */,
				94C3767B1C724CACC9081AAD /* ClientProfile */,
				94C37018D6C4B2EAC29AF4E4 /* ClientLookupModel.swift */,
			);
			path = Models;
			sourceTree = "<group>";
		};
		94C37B5951E7A853B6BE8101 /* HttpClient */ = {
			isa = PBXGroup;
			children = (
				94C374F0631BA324401190AB /* HttpClientError.swift */,
				94C37C934C255042B4817FA8 /* ErrorResult.swift */,
				94C37678D452CBEB21CA6262 /* SpecialResponses.swift */,
				94C377C55A1D3C61B1942770 /* ErrorResponse.swift */,
				94C376ED2C894E98C55FF66B /* ServerConfiguration.swift */,
			);
			path = HttpClient;
			sourceTree = "<group>";
		};
		94C37BF6BC30CBAC70E217E9 /* ObservableObjects */ = {
			isa = PBXGroup;
			children = (
				94C376758855F790A3E28FC4 /* AuthenticationStorage.swift */,
				94C377098A6CECC7ADB3964E /* LookupStorage.swift */,
			);
			path = ObservableObjects;
			sourceTree = "<group>";
		};
		94C37F0D16E4848C1BF9436D /* Authentication */ = {
			isa = PBXGroup;
			children = (
				94C374423A6F02DEC89E2DC1 /* SignInView.swift */,
				94C37BD336E52AA80AA1909E /* SignUpView.swift */,
				94C37933894D7AD92BCBCB5A /* LogoAuthenticationView.swift */,
			);
			path = Authentication;
			sourceTree = "<group>";
		};
		A0331FDC23A6F2630041F618 /* CarWash */ = {
			isa = PBXGroup;
			children = (
				A0331FD023A6AB0F0041F618 /* WorkingHoursModel.swift */,
				A0DC968423A567A3004826B1 /* CarWashServiceMark.swift */,
				A0331FD823A6D8ED0041F618 /* CarWashServiceModel.swift */,
				A0331FE123A6F9BE0041F618 /* CarWashModels.swift */,
			);
			path = CarWash;
			sourceTree = "<group>";
		};
		A0DC968C23A68AF6004826B1 /* CarWash */ = {
			isa = PBXGroup;
			children = (
				A0DC968623A56ABD004826B1 /* CarWashItemView.swift */,
				A0DC968D23A68B62004826B1 /* GeneralInfoView.swift */,
				A0DC968F23A68B7B004826B1 /* ServicesView.swift */,
				A0DC969123A68BA6004826B1 /* ContactsView.swift */,
				A0331FD623A6D8280041F618 /* ServiceItemView.swift */,
				A0331FE323A6FD1F0041F618 /* CarWashRow.swift */,
				94C375DC97A4DD51CCCC6CAC /* WorkingHoursView.swift */,
				94C3739A371A49A448ADA320 /* FacilityTagView.swift */,
				94C378E6E6CA1593A073C3E5 /* CarWashMainDescriptionView.swift */,
				94C37AE8C8FF506B8B428AAF /* CarWashStatusView.swift */,
			);
			path = CarWash;
			sourceTree = "<group>";
		};
		EEB56D9B236E1DE80062503F = {
			isa = PBXGroup;
			children = (
				EEB56DA6236E1DE80062503F /* CarWashService */,
				EEB56DA5236E1DE80062503F /* Products */,
			);
			sourceTree = "<group>";
		};
		EEB56DA5236E1DE80062503F /* Products */ = {
			isa = PBXGroup;
			children = (
				EEB56DA4236E1DE80062503F /* CarWashService.app */,
			);
			name = Products;
			sourceTree = "<group>";
		};
		EEB56DA6236E1DE80062503F /* CarWashService */ = {
			isa = PBXGroup;
			children = (
				EEB56DA7236E1DE80062503F /* AppDelegate.swift */,
				EEB56DA9236E1DE80062503F /* SceneDelegate.swift */,
				EEB56DB0236E1DE90062503F /* Assets.xcassets */,
				EEB56DB5236E1DE90062503F /* LaunchScreen.storyboard */,
				EEB56DB8236E1DE90062503F /* Info.plist */,
				EEB56DAB236E1DE80062503F /* CarWashService.xcdatamodeld */,
				EEB56DB2236E1DE90062503F /* Preview Content */,
				94C374FBD1D87004805A9907 /* Views */,
				94C3728052CCF85A84C53592 /* Core */,
				94C3785A2AFF738655D288F6 /* Controllers */,
				94C3797B775AA11179DE77E3 /* Models */,
			);
			path = CarWashService;
			sourceTree = "<group>";
		};
		EEB56DB2236E1DE90062503F /* Preview Content */ = {
			isa = PBXGroup;
			children = (
				EEB56DB3236E1DE90062503F /* Preview Assets.xcassets */,
			);
			path = "Preview Content";
			sourceTree = "<group>";
		};
/* End PBXGroup section */

/* Begin PBXNativeTarget section */
		EEB56DA3236E1DE80062503F /* CarWashService */ = {
			isa = PBXNativeTarget;
			buildConfigurationList = EEB56DBB236E1DE90062503F /* Build configuration list for PBXNativeTarget "CarWashService" */;
			buildPhases = (
				EEB56DA0236E1DE80062503F /* Sources */,
				EEB56DA1236E1DE80062503F /* Frameworks */,
				EEB56DA2236E1DE80062503F /* Resources */,
			);
			buildRules = (
			);
			dependencies = (
			);
			name = CarWashService;
			packageProductDependencies = (
			);
			productName = CarWashService;
			productReference = EEB56DA4236E1DE80062503F /* CarWashService.app */;
			productType = "com.apple.product-type.application";
		};
/* End PBXNativeTarget section */

/* Begin PBXProject section */
		EEB56D9C236E1DE80062503F /* Project object */ = {
			isa = PBXProject;
			attributes = {
				LastSwiftUpdateCheck = 1110;
				LastUpgradeCheck = 1110;
				ORGANIZATIONNAME = VXDESIGN.STORE;
				TargetAttributes = {
					EEB56DA3236E1DE80062503F = {
						CreatedOnToolsVersion = 11.1;
					};
				};
			};
			buildConfigurationList = EEB56D9F236E1DE80062503F /* Build configuration list for PBXProject "CarWashService" */;
			compatibilityVersion = "Xcode 11.0";
			developmentRegion = en;
			hasScannedForEncodings = 0;
			knownRegions = (
				en,
				Base,
			);
			mainGroup = EEB56D9B236E1DE80062503F;
			packageReferences = (
			);
			productRefGroup = EEB56DA5236E1DE80062503F /* Products */;
			projectDirPath = "";
			projectRoot = "";
			targets = (
				EEB56DA3236E1DE80062503F /* CarWashService */,
			);
		};
/* End PBXProject section */

/* Begin PBXResourcesBuildPhase section */
		EEB56DA2236E1DE80062503F /* Resources */ = {
			isa = PBXResourcesBuildPhase;
			buildActionMask = 2147483647;
			files = (
				EEB56DB7236E1DE90062503F /* LaunchScreen.storyboard in Resources */,
				EEB56DB4236E1DE90062503F /* Preview Assets.xcassets in Resources */,
				EEB56DB1236E1DE90062503F /* Assets.xcassets in Resources */,
			);
			runOnlyForDeploymentPostprocessing = 0;
		};
/* End PBXResourcesBuildPhase section */

/* Begin PBXSourcesBuildPhase section */
		EEB56DA0236E1DE80062503F /* Sources */ = {
			isa = PBXSourcesBuildPhase;
			buildActionMask = 2147483647;
			files = (
				EEB56DA8236E1DE80062503F /* AppDelegate.swift in Sources */,
				A0DC969223A68BA6004826B1 /* ContactsView.swift in Sources */,
				A0DC968723A56ABD004826B1 /* CarWashItemView.swift in Sources */,
				A0331FE223A6F9BE0041F618 /* CarWashModels.swift in Sources */,
				A0DC968323A2EFCA004826B1 /* MapView.swift in Sources */,
				EEB56DAD236E1DE80062503F /* CarWashService.xcdatamodeld in Sources */,
				A0331FD123A6AB0F0041F618 /* WorkingHoursModel.swift in Sources */,
				A0400BD5239855EE00418D15 /* ClientProfileEnums.swift in Sources */,
				EEB56DAA236E1DE80062503F /* SceneDelegate.swift in Sources */,
				94C379351C26625661AF64B5 /* ContentView.swift in Sources */,
				94C3738160416EF4C1C42D9C /* SignInView.swift in Sources */,
				A0DC968923A56D57004826B1 /* CarWashesEnums.swift in Sources */,
				94C3766A9C99DB3CFF1C37C2 /* SignUpView.swift in Sources */,
				94C376516D1183DC9F7AD7BA /* LogoAuthenticationView.swift in Sources */,
				94C376ED2A0B10A58282D055 /* AuthenticationEnums.swift in Sources */,
				94C379E3588B77C726EC2498 /* ApplicationEnums.swift in Sources */,
				94C37A35B8BD01687C1D9244 /* HttpClientService.swift in Sources */,
				94C37360EE071F06A71DCFD3 /* HttpMethod.swift in Sources */,
				94C379E71BFB44D37E535FB2 /* HttpClientError.swift in Sources */,
				94C37104C40A39FF2FF2D16C /* ErrorResult.swift in Sources */,
				94C379FDEFEF54FA167A5181 /* SpecialResponses.swift in Sources */,
				94C37E40AE36AD6B44AF7228 /* ErrorResponse.swift in Sources */,
				94C37A3C1D042EE77E5F1031 /* MainView.swift in Sources */,
				94C37DA5B21E73B8F1CE529E /* Requests.swift in Sources */,
				94C3761D17B1C3B4BE626BAC /* ServerConfiguration.swift in Sources */,
				94C37F27CE2CC9CFB26B3040 /* ExternalSignInService.swift in Sources */,
				94C37C855EFAE64BE1CB6A61 /* AccountController.swift in Sources */,
				A0DC968523A567A3004826B1 /* CarWashServiceMark.swift in Sources */,
				94C371D1D8DA63BBC34B3636 /* TitledContainer.swift in Sources */,
				94C37CE42CD95142515976DA /* ClientProfileView.swift in Sources */,
				A0331FD723A6D8280041F618 /* ServiceItemView.swift in Sources */,
				94C37F2964F222A5BA990A75 /* CarWashesView.swift in Sources */,
				94C3753FA8AB110AE4CD9820 /* AuthenticationStorage.swift in Sources */,
				A0DC968B23A6877A004826B1 /* TabPickerView.swift in Sources */,
				94C37EC73BB26B9532A3BAEF /* ClientSignUpModel.swift in Sources */,
				94C37F1C6EC2BF1D38FC45D4 /* ClientSignInModel.swift in Sources */,
				94C3716159CB274970E0453A /* ClientAuthenticationProfileModel.swift in Sources */,
				94C3745B4DB379870EA1D64F /* ClientProfileModel.swift in Sources */,
				94C371E3F2968C81211C8FCC /* ClientProfileController.swift in Sources */,
				94C3751DCCDEF4D3E985D3D2 /* Entities.swift in Sources */,
				94C3767B7BE64E6324C40BFC /* Model.swift in Sources */,
				94C376E4E11815B259D780F8 /* DateTextPickerView.swift in Sources */,
				94C37C9AC7848EAE478044A8 /* CustomDateFormatter.swift in Sources */,
				94C379755C17F9B7A2333F21 /* ClientCarModel.swift in Sources */,
				94C37B699509CFB438BB5C3F /* CardView.swift in Sources */,
				A0331FD923A6D8ED0041F618 /* CarWashServiceModel.swift in Sources */,
				94C3709E9675601827555541 /* ViewExtension.swift in Sources */,
				94C371E0F5B357C9F5C094F1 /* CarEditView.swift in Sources */,
				94C37AA846A8A04C519F14BA /* CustomTextPickerView.swift in Sources */,
				94C37D1A54365BC832F70F53 /* LookupStorage.swift in Sources */,
				94C371F67FBF348D9C10E834 /* CarBrandModelsModel.swift in Sources */,
				94C3743BA018068E35B7B5AF /* CarBrandModelModel.swift in Sources */,
				94C3714F6B8B97E219058125 /* ClientLookupModel.swift in Sources */,
				94C3773D628E317ABFB63D9C /* GovernmentPlateSymbols.swift in Sources */,
				A0DC969023A68B7B004826B1 /* ServicesView.swift in Sources */,
				94C37C6FBFC8062A734CB316 /* GovernmentPlateSymbolView.swift in Sources */,
				94C3743E45F01B9ABC79B4EB /* CarBrandModelSelector.swift in Sources */,
				A0331FE423A6FD1F0041F618 /* CarWashRow.swift in Sources */,
				94C3763355DAA736DFF9A87A /* CarModelSelector.swift in Sources */,
				94C3785E051D869655405546 /* RefreshableScrollView.swift in Sources */,
				A0DC968E23A68B62004826B1 /* GeneralInfoView.swift in Sources */,
				94C37DF9E47C468398092ACB /* SearchView.swift in Sources */,
				94C37384E24CEBE90E9E5D31 /* WorkingHoursView.swift in Sources */,
				94C37338CA7A0DF9514437C1 /* DividerView.swift in Sources */,
				94C377991B2DBF484494AD3E /* FacilityTagView.swift in Sources */,
				94C37E5607D5A1B37B70BE31 /* StringUtils.swift in Sources */,
				94C37D290647A8D906F5F864 /* DayOfWeek.swift in Sources */,
				94C370B0C26334E7B782B750 /* ClientCarsView.swift in Sources */,
				94C37BA8874D079513C06E76 /* CarWashToClientController.swift in Sources */,
				94C37820C6526BBE22A0E8FE /* CarWashMainDescriptionView.swift in Sources */,
				94C3762B6988219F5490ED44 /* CarWashStatusView.swift in Sources */,
				94C3708DAFBE5D0F6C3EC08F /* DragElementView.swift in Sources */,
			);
			runOnlyForDeploymentPostprocessing = 0;
		};
/* End PBXSourcesBuildPhase section */

/* Begin PBXVariantGroup section */
		EEB56DB5236E1DE90062503F /* LaunchScreen.storyboard */ = {
			isa = PBXVariantGroup;
			children = (
				EEB56DB6236E1DE90062503F /* Base */,
			);
			name = LaunchScreen.storyboard;
			sourceTree = "<group>";
		};
/* End PBXVariantGroup section */

/* Begin XCBuildConfiguration section */
		EEB56DB9236E1DE90062503F /* Debug */ = {
			isa = XCBuildConfiguration;
			buildSettings = {
				ALWAYS_SEARCH_USER_PATHS = NO;
				CLANG_ANALYZER_NONNULL = YES;
				CLANG_ANALYZER_NUMBER_OBJECT_CONVERSION = YES_AGGRESSIVE;
				CLANG_CXX_LANGUAGE_STANDARD = "gnu++14";
				CLANG_CXX_LIBRARY = "libc++";
				CLANG_ENABLE_MODULES = YES;
				CLANG_ENABLE_OBJC_ARC = YES;
				CLANG_ENABLE_OBJC_WEAK = YES;
				CLANG_WARN_BLOCK_CAPTURE_AUTORELEASING = YES;
				CLANG_WARN_BOOL_CONVERSION = YES;
				CLANG_WARN_COMMA = YES;
				CLANG_WARN_CONSTANT_CONVERSION = YES;
				CLANG_WARN_DEPRECATED_OBJC_IMPLEMENTATIONS = YES;
				CLANG_WARN_DIRECT_OBJC_ISA_USAGE = YES_ERROR;
				CLANG_WARN_DOCUMENTATION_COMMENTS = YES;
				CLANG_WARN_EMPTY_BODY = YES;
				CLANG_WARN_ENUM_CONVERSION = YES;
				CLANG_WARN_INFINITE_RECURSION = YES;
				CLANG_WARN_INT_CONVERSION = YES;
				CLANG_WARN_NON_LITERAL_NULL_CONVERSION = YES;
				CLANG_WARN_OBJC_IMPLICIT_RETAIN_SELF = YES;
				CLANG_WARN_OBJC_LITERAL_CONVERSION = YES;
				CLANG_WARN_OBJC_ROOT_CLASS = YES_ERROR;
				CLANG_WARN_RANGE_LOOP_ANALYSIS = YES;
				CLANG_WARN_STRICT_PROTOTYPES = YES;
				CLANG_WARN_SUSPICIOUS_MOVE = YES;
				CLANG_WARN_UNGUARDED_AVAILABILITY = YES_AGGRESSIVE;
				CLANG_WARN_UNREACHABLE_CODE = YES;
				CLANG_WARN__DUPLICATE_METHOD_MATCH = YES;
				COPY_PHASE_STRIP = NO;
				DEBUG_INFORMATION_FORMAT = dwarf;
				ENABLE_STRICT_OBJC_MSGSEND = YES;
				ENABLE_TESTABILITY = YES;
				GCC_C_LANGUAGE_STANDARD = gnu11;
				GCC_DYNAMIC_NO_PIC = NO;
				GCC_NO_COMMON_BLOCKS = YES;
				GCC_OPTIMIZATION_LEVEL = 0;
				GCC_PREPROCESSOR_DEFINITIONS = (
					"DEBUG=1",
					"$(inherited)",
				);
				GCC_WARN_64_TO_32_BIT_CONVERSION = YES;
				GCC_WARN_ABOUT_RETURN_TYPE = YES_ERROR;
				GCC_WARN_UNDECLARED_SELECTOR = YES;
				GCC_WARN_UNINITIALIZED_AUTOS = YES_AGGRESSIVE;
				GCC_WARN_UNUSED_FUNCTION = YES;
				GCC_WARN_UNUSED_VARIABLE = YES;
				IPHONEOS_DEPLOYMENT_TARGET = 13.1;
				MTL_ENABLE_DEBUG_INFO = INCLUDE_SOURCE;
				MTL_FAST_MATH = YES;
				ONLY_ACTIVE_ARCH = YES;
				SDKROOT = iphoneos;
				SWIFT_ACTIVE_COMPILATION_CONDITIONS = DEBUG;
				SWIFT_OPTIMIZATION_LEVEL = "-Onone";
			};
			name = Debug;
		};
		EEB56DBA236E1DE90062503F /* Release */ = {
			isa = XCBuildConfiguration;
			buildSettings = {
				ALWAYS_SEARCH_USER_PATHS = NO;
				CLANG_ANALYZER_NONNULL = YES;
				CLANG_ANALYZER_NUMBER_OBJECT_CONVERSION = YES_AGGRESSIVE;
				CLANG_CXX_LANGUAGE_STANDARD = "gnu++14";
				CLANG_CXX_LIBRARY = "libc++";
				CLANG_ENABLE_MODULES = YES;
				CLANG_ENABLE_OBJC_ARC = YES;
				CLANG_ENABLE_OBJC_WEAK = YES;
				CLANG_WARN_BLOCK_CAPTURE_AUTORELEASING = YES;
				CLANG_WARN_BOOL_CONVERSION = YES;
				CLANG_WARN_COMMA = YES;
				CLANG_WARN_CONSTANT_CONVERSION = YES;
				CLANG_WARN_DEPRECATED_OBJC_IMPLEMENTATIONS = YES;
				CLANG_WARN_DIRECT_OBJC_ISA_USAGE = YES_ERROR;
				CLANG_WARN_DOCUMENTATION_COMMENTS = YES;
				CLANG_WARN_EMPTY_BODY = YES;
				CLANG_WARN_ENUM_CONVERSION = YES;
				CLANG_WARN_INFINITE_RECURSION = YES;
				CLANG_WARN_INT_CONVERSION = YES;
				CLANG_WARN_NON_LITERAL_NULL_CONVERSION = YES;
				CLANG_WARN_OBJC_IMPLICIT_RETAIN_SELF = YES;
				CLANG_WARN_OBJC_LITERAL_CONVERSION = YES;
				CLANG_WARN_OBJC_ROOT_CLASS = YES_ERROR;
				CLANG_WARN_RANGE_LOOP_ANALYSIS = YES;
				CLANG_WARN_STRICT_PROTOTYPES = YES;
				CLANG_WARN_SUSPICIOUS_MOVE = YES;
				CLANG_WARN_UNGUARDED_AVAILABILITY = YES_AGGRESSIVE;
				CLANG_WARN_UNREACHABLE_CODE = YES;
				CLANG_WARN__DUPLICATE_METHOD_MATCH = YES;
				COPY_PHASE_STRIP = NO;
				DEBUG_INFORMATION_FORMAT = "dwarf-with-dsym";
				ENABLE_NS_ASSERTIONS = NO;
				ENABLE_STRICT_OBJC_MSGSEND = YES;
				GCC_C_LANGUAGE_STANDARD = gnu11;
				GCC_NO_COMMON_BLOCKS = YES;
				GCC_WARN_64_TO_32_BIT_CONVERSION = YES;
				GCC_WARN_ABOUT_RETURN_TYPE = YES_ERROR;
				GCC_WARN_UNDECLARED_SELECTOR = YES;
				GCC_WARN_UNINITIALIZED_AUTOS = YES_AGGRESSIVE;
				GCC_WARN_UNUSED_FUNCTION = YES;
				GCC_WARN_UNUSED_VARIABLE = YES;
				IPHONEOS_DEPLOYMENT_TARGET = 13.1;
				MTL_ENABLE_DEBUG_INFO = NO;
				MTL_FAST_MATH = YES;
				SDKROOT = iphoneos;
				SWIFT_COMPILATION_MODE = wholemodule;
				SWIFT_OPTIMIZATION_LEVEL = "-O";
				VALIDATE_PRODUCT = YES;
			};
			name = Release;
		};
		EEB56DBC236E1DE90062503F /* Debug */ = {
			isa = XCBuildConfiguration;
			buildSettings = {
				ASSETCATALOG_COMPILER_APPICON_NAME = AppIcon;
				CLANG_CXX_LANGUAGE_STANDARD = "gnu++14";
				CODE_SIGN_STYLE = Automatic;
				DEVELOPMENT_ASSET_PATHS = "\"CarWashService/Preview Content\"";
				DEVELOPMENT_TEAM = 57NA83VNEW;
				ENABLE_PREVIEWS = YES;
				INFOPLIST_FILE = CarWashService/Info.plist;
				IPHONEOS_DEPLOYMENT_TARGET = 13.2;
				LD_RUNPATH_SEARCH_PATHS = (
					"$(inherited)",
					"@executable_path/Frameworks",
				);
				PRODUCT_BUNDLE_IDENTIFIER = store.vxdesign.CarWashService;
				PRODUCT_NAME = "$(TARGET_NAME)";
				SWIFT_VERSION = 5.0;
				TARGETED_DEVICE_FAMILY = "1,2";
			};
			name = Debug;
		};
		EEB56DBD236E1DE90062503F /* Release */ = {
			isa = XCBuildConfiguration;
			buildSettings = {
				ASSETCATALOG_COMPILER_APPICON_NAME = AppIcon;
				CLANG_CXX_LANGUAGE_STANDARD = "gnu++14";
				CODE_SIGN_STYLE = Automatic;
				DEVELOPMENT_ASSET_PATHS = "\"CarWashService/Preview Content\"";
				DEVELOPMENT_TEAM = 57NA83VNEW;
				ENABLE_PREVIEWS = YES;
				INFOPLIST_FILE = CarWashService/Info.plist;
				IPHONEOS_DEPLOYMENT_TARGET = 13.2;
				LD_RUNPATH_SEARCH_PATHS = (
					"$(inherited)",
					"@executable_path/Frameworks",
				);
				PRODUCT_BUNDLE_IDENTIFIER = store.vxdesign.CarWashService;
				PRODUCT_NAME = "$(TARGET_NAME)";
				SWIFT_VERSION = 5.0;
				TARGETED_DEVICE_FAMILY = "1,2";
			};
			name = Release;
		};
/* End XCBuildConfiguration section */

/* Begin XCConfigurationList section */
		EEB56D9F236E1DE80062503F /* Build configuration list for PBXProject "CarWashService" */ = {
			isa = XCConfigurationList;
			buildConfigurations = (
				EEB56DB9236E1DE90062503F /* Debug */,
				EEB56DBA236E1DE90062503F /* Release */,
			);
			defaultConfigurationIsVisible = 0;
			defaultConfigurationName = Release;
		};
		EEB56DBB236E1DE90062503F /* Build configuration list for PBXNativeTarget "CarWashService" */ = {
			isa = XCConfigurationList;
			buildConfigurations = (
				EEB56DBC236E1DE90062503F /* Debug */,
				EEB56DBD236E1DE90062503F /* Release */,
			);
			defaultConfigurationIsVisible = 0;
			defaultConfigurationName = Release;
		};
/* End XCConfigurationList section */

/* Begin XCVersionGroup section */
		EEB56DAB236E1DE80062503F /* CarWashService.xcdatamodeld */ = {
			isa = XCVersionGroup;
			children = (
				EEB56DAC236E1DE80062503F /* CarWashService.xcdatamodel */,
			);
			currentVersion = EEB56DAC236E1DE80062503F /* CarWashService.xcdatamodel */;
			path = CarWashService.xcdatamodeld;
			sourceTree = "<group>";
			versionGroupType = wrapper.xcdatamodel;
		};
/* End XCVersionGroup section */
	};
	rootObject = EEB56D9C236E1DE80062503F /* Project object */;
}
